
Microsoft Visual Studio Solution File, Format Version 12.00
# Visual Studio Version 17
VisualStudioVersion = 17.5.002.0
MinimumVisualStudioVersion = 10.0.40219.1
Project("{9A19103F-16F7-4668-BE54-9A1E7A4F7556}") = "ETrack.Web", "ETrack.Web.csproj", "{E4B81CC5-185C-40B2-AACB-3049AF671FD5}"
EndProject
Global
	GlobalSection(SolutionConfigurationPlatforms) = preSolution
		Debug|Any CPU = Debug|Any CPU
		Release|Any CPU = Release|Any CPU
	EndGlobalSection
	GlobalSection(ProjectConfigurationPlatforms) = postSolution
		{E4B81CC5-185C-40B2-AACB-3049AF671FD5}.Debug|Any CPU.ActiveCfg = Debug|Any CPU
		{E4B81CC5-185C-40B2-AACB-3049AF671FD5}.Debug|Any CPU.Build.0 = Debug|Any CPU
		{E4B81CC5-185C-40B2-AACB-3049AF671FD5}.Release|Any CPU.ActiveCfg = Release|Any CPU
		{E4B81CC5-185C-40B2-AACB-3049AF671FD5}.Release|Any CPU.Build.0 = Release|Any CPU
	EndGlobalSection
	GlobalSection(SolutionProperties) = preSolution
		HideSolutionNode = FALSE
	EndGlobalSection
	GlobalSection(ExtensibilityGlobals) = postSolution
		SolutionGuid = {61F4BD4B-0E6C-4A1C-AD37-553149A52104}
	EndGlobalSection
EndGlobal
